
Microsoft Visual Studio Solution File, Format Version 12.00
# Visual Studio 15
VisualStudioVersion = 15.0.27703.2047
MinimumVisualStudioVersion = 10.0.40219.1
Project("{9A19103F-16F7-4668-BE54-9A1E7A4F7556}") = "AspNetCoreTodo", "AspNetCoreTodo.csproj", "{DB3B2EB0-C592-4B52-95F1-75CF1BF2FF7D}"
EndProject
Global
	GlobalSection(SolutionConfigurationPlatforms) = preSolution
		Debug|Any CPU = Debug|Any CPU
		Release|Any CPU = Release|Any CPU
	EndGlobalSection
	GlobalSection(ProjectConfigurationPlatforms) = postSolution
		{DB3B2EB0-C592-4B52-95F1-75CF1BF2FF7D}.Debug|Any CPU.ActiveCfg = Debug|Any CPU
		{DB3B2EB0-C592-4B52-95F1-75CF1BF2FF7D}.Debug|Any CPU.Build.0 = Debug|Any CPU
		{DB3B2EB0-C592-4B52-95F1-75CF1BF2FF7D}.Release|Any CPU.ActiveCfg = Release|Any CPU
		{DB3B2EB0-C592-4B52-95F1-75CF1BF2FF7D}.Release|Any CPU.Build.0 = Release|Any CPU
	EndGlobalSection
	GlobalSection(SolutionProperties) = preSolution
		HideSolutionNode = FALSE
	EndGlobalSection
	GlobalSection(ExtensibilityGlobals) = postSolution
		SolutionGuid = {0BCD3492-F532-412E-AB92-69C2EF0286F6}
	EndGlobalSection
EndGlobal
